// !$*UTF8*$!
{
	archiveVersion = 1;
	classes = {
	};
	objectVersion = 48;
	objects = {

/* Begin PBXBuildFile section */
		A7470045205DEEB90083F32D /* AppDelegate.swift in Sources */ = {isa = PBXBuildFile; fileRef = A7470044205DEEB90083F32D /* AppDelegate.swift */; };
		A7470047205DEEB90083F32D /* ViewController.swift in Sources */ = {isa = PBXBuildFile; fileRef = A7470046205DEEB90083F32D /* ViewController.swift */; };
		A747004A205DEEB90083F32D /* Main.storyboard in Resources */ = {isa = PBXBuildFile; fileRef = A7470048205DEEB90083F32D /* Main.storyboard */; };
		A747004C205DEEBA0083F32D /* Assets.xcassets in Resources */ = {isa = PBXBuildFile; fileRef = A747004B205DEEBA0083F32D /* Assets.xcassets */; };
		A747004F205DEEBA0083F32D /* LaunchScreen.storyboard in Resources */ = {isa = PBXBuildFile; fileRef = A747004D205DEEBA0083F32D /* LaunchScreen.storyboard */; };
		A747005D205DFA3E0083F32D /* MusicViewController.swift in Sources */ = {isa = PBXBuildFile; fileRef = A747005C205DFA3E0083F32D /* MusicViewController.swift */; };
		A747005F205DFC6A0083F32D /* AdCell.swift in Sources */ = {isa = PBXBuildFile; fileRef = A747005E205DFC6A0083F32D /* AdCell.swift */; };
		A7470061205DFC840083F32D /* ButtonCell.swift in Sources */ = {isa = PBXBuildFile; fileRef = A7470060205DFC840083F32D /* ButtonCell.swift */; };
		A7470063205DFC9A0083F32D /* AlbumCell.swift in Sources */ = {isa = PBXBuildFile; fileRef = A7470062205DFC9A0083F32D /* AlbumCell.swift */; };
		A7470065205E13B80083F32D /* Albums.swift in Sources */ = {isa = PBXBuildFile; fileRef = A7470064205E13B80083F32D /* Albums.swift */; };
		A7470067205E173B0083F32D /* albums.json in Resources */ = {isa = PBXBuildFile; fileRef = A7470066205E173B0083F32D /* albums.json */; };
/* End PBXBuildFile section */

/* Begin PBXFileReference section */
		A7470041205DEEB90083F32D /* musicPlayer.app */ = {isa = PBXFileReference; explicitFileType = wrapper.application; includeInIndex = 0; path = musicPlayer.app; sourceTree = BUILT_PRODUCTS_DIR; };
		A7470044205DEEB90083F32D /* AppDelegate.swift */ = {isa = PBXFileReference; lastKnownFileType = sourcecode.swift; path = AppDelegate.swift; sourceTree = "<group>"; };
		A7470046205DEEB90083F32D /* ViewController.swift */ = {isa = PBXFileReference; lastKnownFileType = sourcecode.swift; path = ViewController.swift; sourceTree = "<group>"; };
		A7470049205DEEB90083F32D /* Base */ = {isa = PBXFileReference; lastKnownFileType = file.storyboard; name = Base; path = Base.lproj/Main.storyboard; sourceTree = "<group>"; };
		A747004B205DEEBA0083F32D /* Assets.xcassets */ = {isa = PBXFileReference; lastKnownFileType = folder.assetcatalog; path = Assets.xcassets; sourceTree = "<group>"; };
		A747004E205DEEBA0083F32D /* Base */ = {isa = PBXFileReference; lastKnownFileType = file.storyboard; name = Base; path = Base.lproj/LaunchScreen.storyboard; sourceTree = "<group>"; };
		A7470050205DEEBA0083F32D /* Info.plist */ = {isa = PBXFileReference; lastKnownFileType = text.plist.xml; path = Info.plist; sourceTree = "<group>"; };
		A747005C205DFA3E0083F32D /* MusicViewController.swift */ = {isa = PBXFileReference; lastKnownFileType = sourcecode.swift; path = MusicViewController.swift; sourceTree = "<group>"; };
		A747005E205DFC6A0083F32D /* AdCell.swift */ = {isa = PBXFileReference; lastKnownFileType = sourcecode.swift; path = AdCell.swift; sourceTree = "<group>"; };
		A7470060205DFC840083F32D /* ButtonCell.swift */ = {isa = PBXFileReference; lastKnownFileType = sourcecode.swift; path = ButtonCell.swift; sourceTree = "<group>"; };
		A7470062205DFC9A0083F32D /* AlbumCell.swift */ = {isa = PBXFileReference; lastKnownFileType = sourcecode.swift; path = AlbumCell.swift; sourceTree = "<group>"; };
		A7470064205E13B80083F32D /* Albums.swift */ = {isa = PBXFileReference; lastKnownFileType = sourcecode.swift; path = Albums.swift; sourceTree = "<group>"; };
		A7470066205E173B0083F32D /* albums.json */ = {isa = PBXFileReference; fileEncoding = 4; lastKnownFileType = text.json; path = albums.json; sourceTree = "<group>"; };
/* End PBXFileReference section */

/* Begin PBXFrameworksBuildPhase section */
		A747003E205DEEB90083F32D /* Frameworks */ = {
			isa = PBXFrameworksBuildPhase;
			buildActionMask = 2147483647;
			files = (
			);
			runOnlyForDeploymentPostprocessing = 0;
		};
/* End PBXFrameworksBuildPhase section */

/* Begin PBXGroup section */
		A7470038205DEEB90083F32D = {
			isa = PBXGroup;
			children = (
				A7470043205DEEB90083F32D /* musicPlayer */,
				A7470042205DEEB90083F32D /* Products */,
			);
			sourceTree = "<group>";
		};
		A7470042205DEEB90083F32D /* Products */ = {
			isa = PBXGroup;
			children = (
				A7470041205DEEB90083F32D /* musicPlayer.app */,
			);
			name = Products;
			sourceTree = "<group>";
		};
		A7470043205DEEB90083F32D /* musicPlayer */ = {
			isa = PBXGroup;
			children = (
				A7470066205E173B0083F32D /* albums.json */,
				A7470044205DEEB90083F32D /* AppDelegate.swift */,
				A7470046205DEEB90083F32D /* ViewController.swift */,
				A7470048205DEEB90083F32D /* Main.storyboard */,
				A747004B205DEEBA0083F32D /* Assets.xcassets */,
				A747004D205DEEBA0083F32D /* LaunchScreen.storyboard */,
				A7470050205DEEBA0083F32D /* Info.plist */,
				A747005C205DFA3E0083F32D /* MusicViewController.swift */,
				A747005E205DFC6A0083F32D /* AdCell.swift */,
				A7470060205DFC840083F32D /* ButtonCell.swift */,
				A7470062205DFC9A0083F32D /* AlbumCell.swift */,
				A7470064205E13B80083F32D /* Albums.swift */,
			);
			path = musicPlayer;
			sourceTree = "<group>";
		};
/* End PBXGroup section */

/* Begin PBXNativeTarget section */
		A7470040205DEEB90083F32D /* musicPlayer */ = {
			isa = PBXNativeTarget;
			buildConfigurationList = A7470053205DEEBA0083F32D /* Build configuration list for PBXNativeTarget "musicPlayer" */;
			buildPhases = (
				A747003D205DEEB90083F32D /* Sources */,
				A747003E205DEEB90083F32D /* Frameworks */,
				A747003F205DEEB90083F32D /* Resources */,
			);
			buildRules = (
			);
			dependencies = (
			);
			name = musicPlayer;
			productName = musicPlayer;
			productReference = A7470041205DEEB90083F32D /* musicPlayer.app */;
			productType = "com.apple.product-type.application";
		};
/* End PBXNativeTarget section */

/* Begin PBXProject section */
		A7470039205DEEB90083F32D /* Project object */ = {
			isa = PBXProject;
			attributes = {
				LastSwiftUpdateCheck = 0920;
				LastUpgradeCheck = 0920;
				ORGANIZATIONNAME = ousanyo;
				TargetAttributes = {
					A7470040205DEEB90083F32D = {
						CreatedOnToolsVersion = 9.2;
						ProvisioningStyle = Automatic;
					};
				};
			};
			buildConfigurationList = A747003C205DEEB90083F32D /* Build configuration list for PBXProject "musicPlayer" */;
			compatibilityVersion = "Xcode 8.0";
			developmentRegion = en;
			hasScannedForEncodings = 0;
			knownRegions = (
				en,
				Base,
			);
			mainGroup = A7470038205DEEB90083F32D;
			productRefGroup = A7470042205DEEB90083F32D /* Products */;
			projectDirPath = "";
			projectRoot = "";
			targets = (
				A7470040205DEEB90083F32D /* musicPlayer */,
			);
		};
/* End PBXProject section */

/* Begin PBXResourcesBuildPhase section */
		A747003F205DEEB90083F32D /* Resources */ = {
			isa = PBXResourcesBuildPhase;
			buildActionMask = 2147483647;
			files = (
				A747004F205DEEBA0083F32D /* LaunchScreen.storyboard in Resources */,
				A747004C205DEEBA0083F32D /* Assets.xcassets in Resources */,
				A747004A205DEEB90083F32D /* Main.storyboard in Resources */,
				A7470067205E173B0083F32D /* albums.json in Resources */,
			);
			runOnlyForDeploymentPostprocessing = 0;
		};
/* End PBXResourcesBuildPhase section */

/* Begin PBXSourcesBuildPhase section */
		A747003D205DEEB90083F32D /* Sources */ = {
			isa = PBXSourcesBuildPhase;
			buildActionMask = 2147483647;
			files = (
				A747005F205DFC6A0083F32D /* AdCell.swift in Sources */,
				A747005D205DFA3E0083F32D /* MusicViewController.swift in Sources */,
				A7470047205DEEB90083F32D /* ViewController.swift in Sources */,
				A7470061205DFC840083F32D /* ButtonCell.swift in Sources */,
				A7470065205E13B80083F32D /* Albums.swift in Sources */,
				A7470045205DEEB90083F32D /* AppDelegate.swift in Sources */,
				A7470063205DFC9A0083F32D /* AlbumCell.swift in Sources */,
			);
			runOnlyForDeploymentPostprocessing = 0;
		};
/* End PBXSourcesBuildPhase section */

/* Begin PBXVariantGroup section */
		A7470048205DEEB90083F32D /* Main.storyboard */ = {
			isa = PBXVariantGroup;
			children = (
				A7470049205DEEB90083F32D /* Base */,
			);
			name = Main.storyboard;
			sourceTree = "<group>";
		};
		A747004D205DEEBA0083F32D /* LaunchScreen.storyboard */ = {
			isa = PBXVariantGroup;
			children = (
				A747004E205DEEBA0083F32D /* Base */,
			);
			name = LaunchScreen.storyboard;
			sourceTree = "<group>";
		};
/* End PBXVariantGroup section */

/* Begin XCBuildConfiguration section */
		A7470051205DEEBA0083F32D /* Debug */ = {
			isa = XCBuildConfiguration;
			buildSettings = {
				ALWAYS_SEARCH_USER_PATHS = NO;
				CLANG_ANALYZER_NONNULL = YES;
				CLANG_ANALYZER_NUMBER_OBJECT_CONVERSION = YES_AGGRESSIVE;
				CLANG_CXX_LANGUAGE_STANDARD = "gnu++14";
				CLANG_CXX_LIBRARY = "libc++";
				CLANG_ENABLE_MODULES = YES;
				CLANG_ENABLE_OBJC_ARC = YES;
				CLANG_WARN_BLOCK_CAPTURE_AUTORELEASING = YES;
				CLANG_WARN_BOOL_CONVERSION = YES;
				CLANG_WARN_COMMA = YES;
				CLANG_WARN_CONSTANT_CONVERSION = YES;
				CLANG_WARN_DIRECT_OBJC_ISA_USAGE = YES_ERROR;
				CLANG_WARN_DOCUMENTATION_COMMENTS = YES;
				CLANG_WARN_EMPTY_BODY = YES;
				CLANG_WARN_ENUM_CONVERSION = YES;
				CLANG_WARN_INFINITE_RECURSION = YES;
				CLANG_WARN_INT_CONVERSION = YES;
				CLANG_WARN_NON_LITERAL_NULL_CONVERSION = YES;
				CLANG_WARN_OBJC_LITERAL_CONVERSION = YES;
				CLANG_WARN_OBJC_ROOT_CLASS = YES_ERROR;
				CLANG_WARN_RANGE_LOOP_ANALYSIS = YES;
				CLANG_WARN_STRICT_PROTOTYPES = YES;
				CLANG_WARN_SUSPICIOUS_MOVE = YES;
				CLANG_WARN_UNGUARDED_AVAILABILITY = YES_AGGRESSIVE;
				CLANG_WARN_UNREACHABLE_CODE = YES;
				CLANG_WARN__DUPLICATE_METHOD_MATCH = YES;
				CODE_SIGN_IDENTITY = "iPhone Developer";
				COPY_PHASE_STRIP = NO;
				DEBUG_INFORMATION_FORMAT = dwarf;
				ENABLE_STRICT_OBJC_MSGSEND = YES;
				ENABLE_TESTABILITY = YES;
				GCC_C_LANGUAGE_STANDARD = gnu11;
				GCC_DYNAMIC_NO_PIC = NO;
				GCC_NO_COMMON_BLOCKS = YES;
				GCC_OPTIMIZATION_LEVEL = 0;
				GCC_PREPROCESSOR_DEFINITIONS = (
					"DEBUG=1",
					"$(inherited)",
				);
				GCC_WARN_64_TO_32_BIT_CONVERSION = YES;
				GCC_WARN_ABOUT_RETURN_TYPE = YES_ERROR;
				GCC_WARN_UNDECLARED_SELECTOR = YES;
				GCC_WARN_UNINITIALIZED_AUTOS = YES_AGGRESSIVE;
				GCC_WARN_UNUSED_FUNCTION = YES;
				GCC_WARN_UNUSED_VARIABLE = YES;
				IPHONEOS_DEPLOYMENT_TARGET = 11.2;
				MTL_ENABLE_DEBUG_INFO = YES;
				ONLY_ACTIVE_ARCH = YES;
				SDKROOT = iphoneos;
				SWIFT_ACTIVE_COMPILATION_CONDITIONS = DEBUG;
				SWIFT_OPTIMIZATION_LEVEL = "-Onone";
			};
			name = Debug;
		};
		A7470052205DEEBA0083F32D /* Release */ = {
			isa = XCBuildConfiguration;
			buildSettings = {
				ALWAYS_SEARCH_USER_PATHS = NO;
				CLANG_ANALYZER_NONNULL = YES;
				CLANG_ANALYZER_NUMBER_OBJECT_CONVERSION = YES_AGGRESSIVE;
				CLANG_CXX_LANGUAGE_STANDARD = "gnu++14";
				CLANG_CXX_LIBRARY = "libc++";
				CLANG_ENABLE_MODULES = YES;
				CLANG_ENABLE_OBJC_ARC = YES;
				CLANG_WARN_BLOCK_CAPTURE_AUTORELEASING = YES;
				CLANG_WARN_BOOL_CONVERSION = YES;
				CLANG_WARN_COMMA = YES;
				CLANG_WARN_CONSTANT_CONVERSION = YES;
				CLANG_WARN_DIRECT_OBJC_ISA_USAGE = YES_ERROR;
				CLANG_WARN_DOCUMENTATION_COMMENTS = YES;
				CLANG_WARN_EMPTY_BODY = YES;
				CLANG_WARN_ENUM_CONVERSION = YES;
				CLANG_WARN_INFINITE_RECURSION = YES;
				CLANG_WARN_INT_CONVERSION = YES;
				CLANG_WARN_NON_LITERAL_NULL_CONVERSION = YES;
				CLANG_WARN_OBJC_LITERAL_CONVERSION = YES;
				CLANG_WARN_OBJC_ROOT_CLASS = YES_ERROR;
				CLANG_WARN_RANGE_LOOP_ANALYSIS = YES;
				CLANG_WARN_STRICT_PROTOTYPES = YES;
				CLANG_WARN_SUSPICIOUS_MOVE = YES;
				CLANG_WARN_UNGUARDED_AVAILABILITY = YES_AGGRESSIVE;
				CLANG_WARN_UNREACHABLE_CODE = YES;
				CLANG_WARN__DUPLICATE_METHOD_MATCH = YES;
				CODE_SIGN_IDENTITY = "iPhone Developer";
				COPY_PHASE_STRIP = NO;
				DEBUG_INFORMATION_FORMAT = "dwarf-with-dsym";
				ENABLE_NS_ASSERTIONS = NO;
				ENABLE_STRICT_OBJC_MSGSEND = YES;
				GCC_C_LANGUAGE_STANDARD = gnu11;
				GCC_NO_COMMON_BLOCKS = YES;
				GCC_WARN_64_TO_32_BIT_CONVERSION = YES;
				GCC_WARN_ABOUT_RETURN_TYPE = YES_ERROR;
				GCC_WARN_UNDECLARED_SELECTOR = YES;
				GCC_WARN_UNINITIALIZED_AUTOS = YES_AGGRESSIVE;
				GCC_WARN_UNUSED_FUNCTION = YES;
				GCC_WARN_UNUSED_VARIABLE = YES;
				IPHONEOS_DEPLOYMENT_TARGET = 11.2;
				MTL_ENABLE_DEBUG_INFO = NO;
				SDKROOT = iphoneos;
				SWIFT_OPTIMIZATION_LEVEL = "-Owholemodule";
				VALIDATE_PRODUCT = YES;
			};
			name = Release;
		};
		A7470054205DEEBA0083F32D /* Debug */ = {
			isa = XCBuildConfiguration;
			buildSettings = {
				ASSETCATALOG_COMPILER_APPICON_NAME = AppIcon;
				CODE_SIGN_STYLE = Automatic;
				DEVELOPMENT_TEAM = KP9JJ23K63;
				INFOPLIST_FILE = musicPlayer/Info.plist;
				LD_RUNPATH_SEARCH_PATHS = "$(inherited) @executable_path/Frameworks";
				PRODUCT_BUNDLE_IDENTIFIER = me.test.musicPlayer;
				PRODUCT_NAME = "$(TARGET_NAME)";
				SWIFT_VERSION = 4.0;
				TARGETED_DEVICE_FAMILY = "1,2";
			};
			name = Debug;
		};
		A7470055205DEEBA0083F32D /* Release */ = {
			isa = XCBuildConfiguration;
			buildSettings = {
				ASSETCATALOG_COMPILER_APPICON_NAME = AppIcon;
				CODE_SIGN_STYLE = Automatic;
				DEVELOPMENT_TEAM = KP9JJ23K63;
				INFOPLIST_FILE = musicPlayer/Info.plist;
				LD_RUNPATH_SEARCH_PATHS = "$(inherited) @executable_path/Frameworks";
				PRODUCT_BUNDLE_IDENTIFIER = me.test.musicPlayer;
				PRODUCT_NAME = "$(TARGET_NAME)";
				SWIFT_VERSION = 4.0;
				TARGETED_DEVICE_FAMILY = "1,2";
			};
			name = Release;
		};
/* End XCBuildConfiguration section */

/* Begin XCConfigurationList section */
		A747003C205DEEB90083F32D /* Build configuration list for PBXProject "musicPlayer" */ = {
			isa = XCConfigurationList;
			buildConfigurations = (
				A7470051205DEEBA0083F32D /* Debug */,
				A7470052205DEEBA0083F32D /* Release */,
			);
			defaultConfigurationIsVisible = 0;
			defaultConfigurationName = Release;
		};
		A7470053205DEEBA0083F32D /* Build configuration list for PBXNativeTarget "musicPlayer" */ = {
			isa = XCConfigurationList;
			buildConfigurations = (
				A7470054205DEEBA0083F32D /* Debug */,
				A7470055205DEEBA0083F32D /* Release */,
			);
			defaultConfigurationIsVisible = 0;
			defaultConfigurationName = Release;
		};
/* End XCConfigurationList section */
	};
	rootObject = A7470039205DEEB90083F32D /* Project object */;
}
