// !$*UTF8*$!
{
	archiveVersion = 1;
	classes = {
	};
	objectVersion = 50;
	objects = {

/* Begin PBXBuildFile section */
		EFDC635B235A912F0069BD24 /* AppDelegate.swift in Sources */ = {isa = PBXBuildFile; fileRef = EFDC635A235A912F0069BD24 /* AppDelegate.swift */; };
		EFDC635D235A912F0069BD24 /* SceneDelegate.swift in Sources */ = {isa = PBXBuildFile; fileRef = EFDC635C235A912F0069BD24 /* SceneDelegate.swift */; };
		EFDC635F235A912F0069BD24 /* ContentView.swift in Sources */ = {isa = PBXBuildFile; fileRef = EFDC635E235A912F0069BD24 /* ContentView.swift */; };
		EFDC6361235A91300069BD24 /* Assets.xcassets in Resources */ = {isa = PBXBuildFile; fileRef = EFDC6360235A91300069BD24 /* Assets.xcassets */; };
		EFDC6364235A91300069BD24 /* Preview Assets.xcassets in Resources */ = {isa = PBXBuildFile; fileRef = EFDC6363235A91300069BD24 /* Preview Assets.xcassets */; };
		EFDC6367235A91300069BD24 /* LaunchScreen.storyboard in Resources */ = {isa = PBXBuildFile; fileRef = EFDC6365235A91300069BD24 /* LaunchScreen.storyboard */; };
/* End PBXBuildFile section */

/* Begin PBXFileReference section */
		EFDC6357235A912F0069BD24 /* Lesson1.app */ = {isa = PBXFileReference; explicitFileType = wrapper.application; includeInIndex = 0; path = Lesson1.app; sourceTree = BUILT_PRODUCTS_DIR; };
		EFDC635A235A912F0069BD24 /* AppDelegate.swift */ = {isa = PBXFileReference; lastKnownFileType = sourcecode.swift; path = AppDelegate.swift; sourceTree = "<group>"; };
		EFDC635C235A912F0069BD24 /* SceneDelegate.swift */ = {isa = PBXFileReference; lastKnownFileType = sourcecode.swift; path = SceneDelegate.swift; sourceTree = "<group>"; };
		EFDC635E235A912F0069BD24 /* ContentView.swift */ = {isa = PBXFileReference; lastKnownFileType = sourcecode.swift; path = ContentView.swift; sourceTree = "<group>"; };
		EFDC6360235A91300069BD24 /* Assets.xcassets */ = {isa = PBXFileReference; lastKnownFileType = folder.assetcatalog; path = Assets.xcassets; sourceTree = "<group>"; };
		EFDC6363235A91300069BD24 /* Preview Assets.xcassets */ = {isa = PBXFileReference; lastKnownFileType = folder.assetcatalog; path = "Preview Assets.xcassets"; sourceTree = "<group>"; };
		EFDC6366235A91300069BD24 /* Base */ = {isa = PBXFileReference; lastKnownFileType = file.storyboard; name = Base; path = Base.lproj/LaunchScreen.storyboard; sourceTree = "<group>"; };
		EFDC6368235A91300069BD24 /* Info.plist */ = {isa = PBXFileReference; lastKnownFileType = text.plist.xml; path = Info.plist; sourceTree = "<group>"; };
/* End PBXFileReference section */

/* Begin PBXFrameworksBuildPhase section */
		EFDC6354235A912F0069BD24 /* Frameworks */ = {
			isa = PBXFrameworksBuildPhase;
			buildActionMask = 2147483647;
			files = (
			);
			runOnlyForDeploymentPostprocessing = 0;
		};
/* End PBXFrameworksBuildPhase section */

/* Begin PBXGroup section */
		EFDC634E235A912F0069BD24 = {
			isa = PBXGroup;
			children = (
				EFDC6359235A912F0069BD24 /* Lesson1 */,
				EFDC6358235A912F0069BD24 /* Products */,
			);
			sourceTree = "<group>";
		};
		EFDC6358235A912F0069BD24 /* Products */ = {
			isa = PBXGroup;
			children = (
				EFDC6357235A912F0069BD24 /* Lesson1.app */,
			);
			name = Products;
			sourceTree = "<group>";
		};
		EFDC6359235A912F0069BD24 /* Lesson1 */ = {
			isa = PBXGroup;
			children = (
				EFDC635A235A912F0069BD24 /* AppDelegate.swift */,
				EFDC635C235A912F0069BD24 /* SceneDelegate.swift */,
				EFDC635E235A912F0069BD24 /* ContentView.swift */,
				EFDC6360235A91300069BD24 /* Assets.xcassets */,
				EFDC6365235A91300069BD24 /* LaunchScreen.storyboard */,
				EFDC6368235A91300069BD24 /* Info.plist */,
				EFDC6362235A91300069BD24 /* Preview Content */,
			);
			path = Lesson1;
			sourceTree = "<group>";
		};
		EFDC6362235A91300069BD24 /* Preview Content */ = {
			isa = PBXGroup;
			children = (
				EFDC6363235A91300069BD24 /* Preview Assets.xcassets */,
			);
			path = "Preview Content";
			sourceTree = "<group>";
		};
/* End PBXGroup section */

/* Begin PBXNativeTarget section */
		EFDC6356235A912F0069BD24 /* Lesson1 */ = {
			isa = PBXNativeTarget;
			buildConfigurationList = EFDC636B235A91300069BD24 /* Build configuration list for PBXNativeTarget "Lesson1" */;
			buildPhases = (
				EFDC6353235A912F0069BD24 /* Sources */,
				EFDC6354235A912F0069BD24 /* Frameworks */,
				EFDC6355235A912F0069BD24 /* Resources */,
			);
			buildRules = (
			);
			dependencies = (
			);
			name = Lesson1;
			productName = Lesson1;
			productReference = EFDC6357235A912F0069BD24 /* Lesson1.app */;
			productType = "com.apple.product-type.application";
		};
/* End PBXNativeTarget section */

/* Begin PBXProject section */
		EFDC634F235A912F0069BD24 /* Project object */ = {
			isa = PBXProject;
			attributes = {
				LastSwiftUpdateCheck = 1110;
				LastUpgradeCheck = 1110;
				ORGANIZATIONNAME = Margis;
				TargetAttributes = {
					EFDC6356235A912F0069BD24 = {
						CreatedOnToolsVersion = 11.1;
					};
				};
			};
			buildConfigurationList = EFDC6352235A912F0069BD24 /* Build configuration list for PBXProject "Lesson1" */;
			compatibilityVersion = "Xcode 9.3";
			developmentRegion = en;
			hasScannedForEncodings = 0;
			knownRegions = (
				en,
				Base,
			);
			mainGroup = EFDC634E235A912F0069BD24;
			productRefGroup = EFDC6358235A912F0069BD24 /* Products */;
			projectDirPath = "";
			projectRoot = "";
			targets = (
				EFDC6356235A912F0069BD24 /* Lesson1 */,
			);
		};
/* End PBXProject section */

/* Begin PBXResourcesBuildPhase section */
		EFDC6355235A912F0069BD24 /* Resources */ = {
			isa = PBXResourcesBuildPhase;
			buildActionMask = 2147483647;
			files = (
				EFDC6367235A91300069BD24 /* LaunchScreen.storyboard in Resources */,
				EFDC6364235A91300069BD24 /* Preview Assets.xcassets in Resources */,
				EFDC6361235A91300069BD24 /* Assets.xcassets in Resources */,
			);
			runOnlyForDeploymentPostprocessing = 0;
		};
/* End PBXResourcesBuildPhase section */

/* Begin PBXSourcesBuildPhase section */
		EFDC6353235A912F0069BD24 /* Sources */ = {
			isa = PBXSourcesBuildPhase;
			buildActionMask = 2147483647;
			files = (
				EFDC635B235A912F0069BD24 /* AppDelegate.swift in Sources */,
				EFDC635D235A912F0069BD24 /* SceneDelegate.swift in Sources */,
				EFDC635F235A912F0069BD24 /* ContentView.swift in Sources */,
			);
			runOnlyForDeploymentPostprocessing = 0;
		};
/* End PBXSourcesBuildPhase section */

/* Begin PBXVariantGroup section */
		EFDC6365235A91300069BD24 /* LaunchScreen.storyboard */ = {
			isa = PBXVariantGroup;
			children = (
				EFDC6366235A91300069BD24 /* Base */,
			);
			name = LaunchScreen.storyboard;
			sourceTree = "<group>";
		};
/* End PBXVariantGroup section */

/* Begin XCBuildConfiguration section */
		EFDC6369235A91300069BD24 /* Debug */ = {
			isa = XCBuildConfiguration;
			buildSettings = {
				ALWAYS_SEARCH_USER_PATHS = NO;
				CLANG_ANALYZER_NONNULL = YES;
				CLANG_ANALYZER_NUMBER_OBJECT_CONVERSION = YES_AGGRESSIVE;
				CLANG_CXX_LANGUAGE_STANDARD = "gnu++14";
				CLANG_CXX_LIBRARY = "libc++";
				CLANG_ENABLE_MODULES = YES;
				CLANG_ENABLE_OBJC_ARC = YES;
				CLANG_ENABLE_OBJC_WEAK = YES;
				CLANG_WARN_BLOCK_CAPTURE_AUTORELEASING = YES;
				CLANG_WARN_BOOL_CONVERSION = YES;
				CLANG_WARN_COMMA = YES;
				CLANG_WARN_CONSTANT_CONVERSION = YES;
				CLANG_WARN_DEPRECATED_OBJC_IMPLEMENTATIONS = YES;
				CLANG_WARN_DIRECT_OBJC_ISA_USAGE = YES_ERROR;
				CLANG_WARN_DOCUMENTATION_COMMENTS = YES;
				CLANG_WARN_EMPTY_BODY = YES;
				CLANG_WARN_ENUM_CONVERSION = YES;
				CLANG_WARN_INFINITE_RECURSION = YES;
				CLANG_WARN_INT_CONVERSION = YES;
				CLANG_WARN_NON_LITERAL_NULL_CONVERSION = YES;
				CLANG_WARN_OBJC_IMPLICIT_RETAIN_SELF = YES;
				CLANG_WARN_OBJC_LITERAL_CONVERSION = YES;
				CLANG_WARN_OBJC_ROOT_CLASS = YES_ERROR;
				CLANG_WARN_RANGE_LOOP_ANALYSIS = YES;
				CLANG_WARN_STRICT_PROTOTYPES = YES;
				CLANG_WARN_SUSPICIOUS_MOVE = YES;
				CLANG_WARN_UNGUARDED_AVAILABILITY = YES_AGGRESSIVE;
				CLANG_WARN_UNREACHABLE_CODE = YES;
				CLANG_WARN__DUPLICATE_METHOD_MATCH = YES;
				COPY_PHASE_STRIP = NO;
				DEBUG_INFORMATION_FORMAT = dwarf;
				ENABLE_STRICT_OBJC_MSGSEND = YES;
				ENABLE_TESTABILITY = YES;
				GCC_C_LANGUAGE_STANDARD = gnu11;
				GCC_DYNAMIC_NO_PIC = NO;
				GCC_NO_COMMON_BLOCKS = YES;
				GCC_OPTIMIZATION_LEVEL = 0;
				GCC_PREPROCESSOR_DEFINITIONS = (
					"DEBUG=1",
					"$(inherited)",
				);
				GCC_WARN_64_TO_32_BIT_CONVERSION = YES;
				GCC_WARN_ABOUT_RETURN_TYPE = YES_ERROR;
				GCC_WARN_UNDECLARED_SELECTOR = YES;
				GCC_WARN_UNINITIALIZED_AUTOS = YES_AGGRESSIVE;
				GCC_WARN_UNUSED_FUNCTION = YES;
				GCC_WARN_UNUSED_VARIABLE = YES;
				IPHONEOS_DEPLOYMENT_TARGET = 13.1;
				MTL_ENABLE_DEBUG_INFO = INCLUDE_SOURCE;
				MTL_FAST_MATH = YES;
				ONLY_ACTIVE_ARCH = YES;
				SDKROOT = iphoneos;
				SWIFT_ACTIVE_COMPILATION_CONDITIONS = DEBUG;
				SWIFT_OPTIMIZATION_LEVEL = "-Onone";
			};
			name = Debug;
		};
		EFDC636A235A91300069BD24 /* Release */ = {
			isa = XCBuildConfiguration;
			buildSettings = {
				ALWAYS_SEARCH_USER_PATHS = NO;
				CLANG_ANALYZER_NONNULL = YES;
				CLANG_ANALYZER_NUMBER_OBJECT_CONVERSION = YES_AGGRESSIVE;
				CLANG_CXX_LANGUAGE_STANDARD = "gnu++14";
				CLANG_CXX_LIBRARY = "libc++";
				CLANG_ENABLE_MODULES = YES;
				CLANG_ENABLE_OBJC_ARC = YES;
				CLANG_ENABLE_OBJC_WEAK = YES;
				CLANG_WARN_BLOCK_CAPTURE_AUTORELEASING = YES;
				CLANG_WARN_BOOL_CONVERSION = YES;
				CLANG_WARN_COMMA = YES;
				CLANG_WARN_CONSTANT_CONVERSION = YES;
				CLANG_WARN_DEPRECATED_OBJC_IMPLEMENTATIONS = YES;
				CLANG_WARN_DIRECT_OBJC_ISA_USAGE = YES_ERROR;
				CLANG_WARN_DOCUMENTATION_COMMENTS = YES;
				CLANG_WARN_EMPTY_BODY = YES;
				CLANG_WARN_ENUM_CONVERSION = YES;
				CLANG_WARN_INFINITE_RECURSION = YES;
				CLANG_WARN_INT_CONVERSION = YES;
				CLANG_WARN_NON_LITERAL_NULL_CONVERSION = YES;
				CLANG_WARN_OBJC_IMPLICIT_RETAIN_SELF = YES;
				CLANG_WARN_OBJC_LITERAL_CONVERSION = YES;
				CLANG_WARN_OBJC_ROOT_CLASS = YES_ERROR;
				CLANG_WARN_RANGE_LOOP_ANALYSIS = YES;
				CLANG_WARN_STRICT_PROTOTYPES = YES;
				CLANG_WARN_SUSPICIOUS_MOVE = YES;
				CLANG_WARN_UNGUARDED_AVAILABILITY = YES_AGGRESSIVE;
				CLANG_WARN_UNREACHABLE_CODE = YES;
				CLANG_WARN__DUPLICATE_METHOD_MATCH = YES;
				COPY_PHASE_STRIP = NO;
				DEBUG_INFORMATION_FORMAT = "dwarf-with-dsym";
				ENABLE_NS_ASSERTIONS = NO;
				ENABLE_STRICT_OBJC_MSGSEND = YES;
				GCC_C_LANGUAGE_STANDARD = gnu11;
				GCC_NO_COMMON_BLOCKS = YES;
				GCC_WARN_64_TO_32_BIT_CONVERSION = YES;
				GCC_WARN_ABOUT_RETURN_TYPE = YES_ERROR;
				GCC_WARN_UNDECLARED_SELECTOR = YES;
				GCC_WARN_UNINITIALIZED_AUTOS = YES_AGGRESSIVE;
				GCC_WARN_UNUSED_FUNCTION = YES;
				GCC_WARN_UNUSED_VARIABLE = YES;
				IPHONEOS_DEPLOYMENT_TARGET = 13.1;
				MTL_ENABLE_DEBUG_INFO = NO;
				MTL_FAST_MATH = YES;
				SDKROOT = iphoneos;
				SWIFT_COMPILATION_MODE = wholemodule;
				SWIFT_OPTIMIZATION_LEVEL = "-O";
				VALIDATE_PRODUCT = YES;
			};
			name = Release;
		};
		EFDC636C235A91300069BD24 /* Debug */ = {
			isa = XCBuildConfiguration;
			buildSettings = {
				ASSETCATALOG_COMPILER_APPICON_NAME = AppIcon;
				CODE_SIGN_STYLE = Automatic;
				DEVELOPMENT_ASSET_PATHS = "\"Lesson1/Preview Content\"";
				DEVELOPMENT_TEAM = YT942BJW5F;
				ENABLE_PREVIEWS = YES;
				INFOPLIST_FILE = Lesson1/Info.plist;
				LD_RUNPATH_SEARCH_PATHS = (
					"$(inherited)",
					"@executable_path/Frameworks",
				);
				PRODUCT_BUNDLE_IDENTIFIER = Maiasoft.Lesson1;
				PRODUCT_NAME = "$(TARGET_NAME)";
				SWIFT_VERSION = 5.0;
				TARGETED_DEVICE_FAMILY = "1,2";
			};
			name = Debug;
		};
		EFDC636D235A91300069BD24 /* Release */ = {
			isa = XCBuildConfiguration;
			buildSettings = {
				ASSETCATALOG_COMPILER_APPICON_NAME = AppIcon;
				CODE_SIGN_STYLE = Automatic;
				DEVELOPMENT_ASSET_PATHS = "\"Lesson1/Preview Content\"";
				DEVELOPMENT_TEAM = YT942BJW5F;
				ENABLE_PREVIEWS = YES;
				INFOPLIST_FILE = Lesson1/Info.plist;
				LD_RUNPATH_SEARCH_PATHS = (
					"$(inherited)",
					"@executable_path/Frameworks",
				);
				PRODUCT_BUNDLE_IDENTIFIER = Maiasoft.Lesson1;
				PRODUCT_NAME = "$(TARGET_NAME)";
				SWIFT_VERSION = 5.0;
				TARGETED_DEVICE_FAMILY = "1,2";
			};
			name = Release;
		};
/* End XCBuildConfiguration section */

/* Begin XCConfigurationList section */
		EFDC6352235A912F0069BD24 /* Build configuration list for PBXProject "Lesson1" */ = {
			isa = XCConfigurationList;
			buildConfigurations = (
				EFDC6369235A91300069BD24 /* Debug */,
				EFDC636A235A91300069BD24 /* Release */,
			);
			defaultConfigurationIsVisible = 0;
			defaultConfigurationName = Release;
		};
		EFDC636B235A91300069BD24 /* Build configuration list for PBXNativeTarget "Lesson1" */ = {
			isa = XCConfigurationList;
			buildConfigurations = (
				EFDC636C235A91300069BD24 /* Debug */,
				EFDC636D235A91300069BD24 /* Release */,
			);
			defaultConfigurationIsVisible = 0;
			defaultConfigurationName = Release;
		};
/* End XCConfigurationList section */
	};
	rootObject = EFDC634F235A912F0069BD24 /* Project object */;
}
