// !$*UTF8*$!
{
	archiveVersion = 1;
	classes = {
	};
	objectVersion = 48;
	objects = {

/* Begin PBXBuildFile section */
		22BF999533348C3A5A579682 /* Pods_alamofireTest.framework in Frameworks */ = {isa = PBXBuildFile; fileRef = B4244BA96BC704D7A43241D3 /* Pods_alamofireTest.framework */; };
		EF72FD6D203DA98D005F00D2 /* TableViewController.swift in Sources */ = {isa = PBXBuildFile; fileRef = EF72FD6C203DA98D005F00D2 /* TableViewController.swift */; };
		EF8BAEE5203D945E00C17713 /* AppDelegate.swift in Sources */ = {isa = PBXBuildFile; fileRef = EF8BAEE4203D945E00C17713 /* AppDelegate.swift */; };
		EF8BAEE7203D945E00C17713 /* ViewController.swift in Sources */ = {isa = PBXBuildFile; fileRef = EF8BAEE6203D945E00C17713 /* ViewController.swift */; };
		EF8BAEEA203D945E00C17713 /* Main.storyboard in Resources */ = {isa = PBXBuildFile; fileRef = EF8BAEE8203D945E00C17713 /* Main.storyboard */; };
		EF8BAEEC203D945E00C17713 /* Assets.xcassets in Resources */ = {isa = PBXBuildFile; fileRef = EF8BAEEB203D945E00C17713 /* Assets.xcassets */; };
		EF8BAEEF203D945E00C17713 /* LaunchScreen.storyboard in Resources */ = {isa = PBXBuildFile; fileRef = EF8BAEED203D945E00C17713 /* LaunchScreen.storyboard */; };
/* End PBXBuildFile section */

/* Begin PBXFileReference section */
		388FA10831C8821436D53F94 /* Pods-alamofireTest.release.xcconfig */ = {isa = PBXFileReference; includeInIndex = 1; lastKnownFileType = text.xcconfig; name = "Pods-alamofireTest.release.xcconfig"; path = "Pods/Target Support Files/Pods-alamofireTest/Pods-alamofireTest.release.xcconfig"; sourceTree = "<group>"; };
		92C36CAA246FF094BC3FED7E /* Pods-alamofireTest.debug.xcconfig */ = {isa = PBXFileReference; includeInIndex = 1; lastKnownFileType = text.xcconfig; name = "Pods-alamofireTest.debug.xcconfig"; path = "Pods/Target Support Files/Pods-alamofireTest/Pods-alamofireTest.debug.xcconfig"; sourceTree = "<group>"; };
		B4244BA96BC704D7A43241D3 /* Pods_alamofireTest.framework */ = {isa = PBXFileReference; explicitFileType = wrapper.framework; includeInIndex = 0; path = Pods_alamofireTest.framework; sourceTree = BUILT_PRODUCTS_DIR; };
		EF72FD6C203DA98D005F00D2 /* TableViewController.swift */ = {isa = PBXFileReference; lastKnownFileType = sourcecode.swift; path = TableViewController.swift; sourceTree = "<group>"; };
		EF8BAEE1203D945E00C17713 /* alamofireTest.app */ = {isa = PBXFileReference; explicitFileType = wrapper.application; includeInIndex = 0; path = alamofireTest.app; sourceTree = BUILT_PRODUCTS_DIR; };
		EF8BAEE4203D945E00C17713 /* AppDelegate.swift */ = {isa = PBXFileReference; lastKnownFileType = sourcecode.swift; path = AppDelegate.swift; sourceTree = "<group>"; };
		EF8BAEE6203D945E00C17713 /* ViewController.swift */ = {isa = PBXFileReference; lastKnownFileType = sourcecode.swift; path = ViewController.swift; sourceTree = "<group>"; };
		EF8BAEE9203D945E00C17713 /* Base */ = {isa = PBXFileReference; lastKnownFileType = file.storyboard; name = Base; path = Base.lproj/Main.storyboard; sourceTree = "<group>"; };
		EF8BAEEB203D945E00C17713 /* Assets.xcassets */ = {isa = PBXFileReference; lastKnownFileType = folder.assetcatalog; path = Assets.xcassets; sourceTree = "<group>"; };
		EF8BAEEE203D945E00C17713 /* Base */ = {isa = PBXFileReference; lastKnownFileType = file.storyboard; name = Base; path = Base.lproj/LaunchScreen.storyboard; sourceTree = "<group>"; };
		EF8BAEF0203D945E00C17713 /* Info.plist */ = {isa = PBXFileReference; lastKnownFileType = text.plist.xml; path = Info.plist; sourceTree = "<group>"; };
/* End PBXFileReference section */

/* Begin PBXFrameworksBuildPhase section */
		EF8BAEDE203D945E00C17713 /* Frameworks */ = {
			isa = PBXFrameworksBuildPhase;
			buildActionMask = 2147483647;
			files = (
				22BF999533348C3A5A579682 /* Pods_alamofireTest.framework in Frameworks */,
			);
			runOnlyForDeploymentPostprocessing = 0;
		};
/* End PBXFrameworksBuildPhase section */

/* Begin PBXGroup section */
		3FF0DF87BC34A819DDA9B41B /* Pods */ = {
			isa = PBXGroup;
			children = (
				92C36CAA246FF094BC3FED7E /* Pods-alamofireTest.debug.xcconfig */,
				388FA10831C8821436D53F94 /* Pods-alamofireTest.release.xcconfig */,
			);
			name = Pods;
			sourceTree = "<group>";
		};
		7EC10509EB6E8DD8C1CE887B /* Frameworks */ = {
			isa = PBXGroup;
			children = (
				B4244BA96BC704D7A43241D3 /* Pods_alamofireTest.framework */,
			);
			name = Frameworks;
			sourceTree = "<group>";
		};
		EF8BAED8203D945E00C17713 = {
			isa = PBXGroup;
			children = (
				EF8BAEE3203D945E00C17713 /* alamofireTest */,
				EF8BAEE2203D945E00C17713 /* Products */,
				3FF0DF87BC34A819DDA9B41B /* Pods */,
				7EC10509EB6E8DD8C1CE887B /* Frameworks */,
			);
			sourceTree = "<group>";
		};
		EF8BAEE2203D945E00C17713 /* Products */ = {
			isa = PBXGroup;
			children = (
				EF8BAEE1203D945E00C17713 /* alamofireTest.app */,
			);
			name = Products;
			sourceTree = "<group>";
		};
		EF8BAEE3203D945E00C17713 /* alamofireTest */ = {
			isa = PBXGroup;
			children = (
				EF8BAEE4203D945E00C17713 /* AppDelegate.swift */,
				EF8BAEE6203D945E00C17713 /* ViewController.swift */,
				EF8BAEE8203D945E00C17713 /* Main.storyboard */,
				EF8BAEEB203D945E00C17713 /* Assets.xcassets */,
				EF8BAEED203D945E00C17713 /* LaunchScreen.storyboard */,
				EF8BAEF0203D945E00C17713 /* Info.plist */,
				EF72FD6C203DA98D005F00D2 /* TableViewController.swift */,
			);
			path = alamofireTest;
			sourceTree = "<group>";
		};
/* End PBXGroup section */

/* Begin PBXNativeTarget section */
		EF8BAEE0203D945E00C17713 /* alamofireTest */ = {
			isa = PBXNativeTarget;
			buildConfigurationList = EF8BAEF3203D945E00C17713 /* Build configuration list for PBXNativeTarget "alamofireTest" */;
			buildPhases = (
				B48D24F9907E15CAD7422514 /* [CP] Check Pods Manifest.lock */,
				EF8BAEDD203D945E00C17713 /* Sources */,
				EF8BAEDE203D945E00C17713 /* Frameworks */,
				EF8BAEDF203D945E00C17713 /* Resources */,
				A1CEE33F3498675C239885DA /* [CP] Embed Pods Frameworks */,
				00022D9357ADCF1A66AA4F00 /* [CP] Copy Pods Resources */,
			);
			buildRules = (
			);
			dependencies = (
			);
			name = alamofireTest;
			productName = alamofireTest;
			productReference = EF8BAEE1203D945E00C17713 /* alamofireTest.app */;
			productType = "com.apple.product-type.application";
		};
/* End PBXNativeTarget section */

/* Begin PBXProject section */
		EF8BAED9203D945E00C17713 /* Project object */ = {
			isa = PBXProject;
			attributes = {
				LastSwiftUpdateCheck = 0920;
				LastUpgradeCheck = 0920;
				ORGANIZATIONNAME = Margis;
				TargetAttributes = {
					EF8BAEE0203D945E00C17713 = {
						CreatedOnToolsVersion = 9.2;
						ProvisioningStyle = Automatic;
					};
				};
			};
			buildConfigurationList = EF8BAEDC203D945E00C17713 /* Build configuration list for PBXProject "alamofireTest" */;
			compatibilityVersion = "Xcode 8.0";
			developmentRegion = en;
			hasScannedForEncodings = 0;
			knownRegions = (
				en,
				Base,
			);
			mainGroup = EF8BAED8203D945E00C17713;
			productRefGroup = EF8BAEE2203D945E00C17713 /* Products */;
			projectDirPath = "";
			projectRoot = "";
			targets = (
				EF8BAEE0203D945E00C17713 /* alamofireTest */,
			);
		};
/* End PBXProject section */

/* Begin PBXResourcesBuildPhase section */
		EF8BAEDF203D945E00C17713 /* Resources */ = {
			isa = PBXResourcesBuildPhase;
			buildActionMask = 2147483647;
			files = (
				EF8BAEEF203D945E00C17713 /* LaunchScreen.storyboard in Resources */,
				EF8BAEEC203D945E00C17713 /* Assets.xcassets in Resources */,
				EF8BAEEA203D945E00C17713 /* Main.storyboard in Resources */,
			);
			runOnlyForDeploymentPostprocessing = 0;
		};
/* End PBXResourcesBuildPhase section */

/* Begin PBXShellScriptBuildPhase section */
		00022D9357ADCF1A66AA4F00 /* [CP] Copy Pods Resources */ = {
			isa = PBXShellScriptBuildPhase;
			buildActionMask = 2147483647;
			files = (
			);
			inputPaths = (
			);
			name = "[CP] Copy Pods Resources";
			outputPaths = (
			);
			runOnlyForDeploymentPostprocessing = 0;
			shellPath = /bin/sh;
			shellScript = "\"${SRCROOT}/Pods/Target Support Files/Pods-alamofireTest/Pods-alamofireTest-resources.sh\"\n";
			showEnvVarsInLog = 0;
		};
		A1CEE33F3498675C239885DA /* [CP] Embed Pods Frameworks */ = {
			isa = PBXShellScriptBuildPhase;
			buildActionMask = 2147483647;
			files = (
			);
			inputPaths = (
				"${SRCROOT}/Pods/Target Support Files/Pods-alamofireTest/Pods-alamofireTest-frameworks.sh",
				"${BUILT_PRODUCTS_DIR}/Alamofire/Alamofire.framework",
			);
			name = "[CP] Embed Pods Frameworks";
			outputPaths = (
				"${TARGET_BUILD_DIR}/${FRAMEWORKS_FOLDER_PATH}/Alamofire.framework",
			);
			runOnlyForDeploymentPostprocessing = 0;
			shellPath = /bin/sh;
			shellScript = "\"${SRCROOT}/Pods/Target Support Files/Pods-alamofireTest/Pods-alamofireTest-frameworks.sh\"\n";
			showEnvVarsInLog = 0;
		};
		B48D24F9907E15CAD7422514 /* [CP] Check Pods Manifest.lock */ = {
			isa = PBXShellScriptBuildPhase;
			buildActionMask = 2147483647;
			files = (
			);
			inputPaths = (
				"${PODS_PODFILE_DIR_PATH}/Podfile.lock",
				"${PODS_ROOT}/Manifest.lock",
			);
			name = "[CP] Check Pods Manifest.lock";
			outputPaths = (
				"$(DERIVED_FILE_DIR)/Pods-alamofireTest-checkManifestLockResult.txt",
			);
			runOnlyForDeploymentPostprocessing = 0;
			shellPath = /bin/sh;
			shellScript = "diff \"${PODS_PODFILE_DIR_PATH}/Podfile.lock\" \"${PODS_ROOT}/Manifest.lock\" > /dev/null\nif [ $? != 0 ] ; then\n    # print error to STDERR\n    echo \"error: The sandbox is not in sync with the Podfile.lock. Run 'pod install' or update your CocoaPods installation.\" >&2\n    exit 1\nfi\n# This output is used by Xcode 'outputs' to avoid re-running this script phase.\necho \"SUCCESS\" > \"${SCRIPT_OUTPUT_FILE_0}\"\n";
			showEnvVarsInLog = 0;
		};
/* End PBXShellScriptBuildPhase section */

/* Begin PBXSourcesBuildPhase section */
		EF8BAEDD203D945E00C17713 /* Sources */ = {
			isa = PBXSourcesBuildPhase;
			buildActionMask = 2147483647;
			files = (
				EF8BAEE7203D945E00C17713 /* ViewController.swift in Sources */,
				EF72FD6D203DA98D005F00D2 /* TableViewController.swift in Sources */,
				EF8BAEE5203D945E00C17713 /* AppDelegate.swift in Sources */,
			);
			runOnlyForDeploymentPostprocessing = 0;
		};
/* End PBXSourcesBuildPhase section */

/* Begin PBXVariantGroup section */
		EF8BAEE8203D945E00C17713 /* Main.storyboard */ = {
			isa = PBXVariantGroup;
			children = (
				EF8BAEE9203D945E00C17713 /* Base */,
			);
			name = Main.storyboard;
			sourceTree = "<group>";
		};
		EF8BAEED203D945E00C17713 /* LaunchScreen.storyboard */ = {
			isa = PBXVariantGroup;
			children = (
				EF8BAEEE203D945E00C17713 /* Base */,
			);
			name = LaunchScreen.storyboard;
			sourceTree = "<group>";
		};
/* End PBXVariantGroup section */

/* Begin XCBuildConfiguration section */
		EF8BAEF1203D945E00C17713 /* Debug */ = {
			isa = XCBuildConfiguration;
			buildSettings = {
				ALWAYS_SEARCH_USER_PATHS = NO;
				CLANG_ANALYZER_NONNULL = YES;
				CLANG_ANALYZER_NUMBER_OBJECT_CONVERSION = YES_AGGRESSIVE;
				CLANG_CXX_LANGUAGE_STANDARD = "gnu++14";
				CLANG_CXX_LIBRARY = "libc++";
				CLANG_ENABLE_MODULES = YES;
				CLANG_ENABLE_OBJC_ARC = YES;
				CLANG_WARN_BLOCK_CAPTURE_AUTORELEASING = YES;
				CLANG_WARN_BOOL_CONVERSION = YES;
				CLANG_WARN_COMMA = YES;
				CLANG_WARN_CONSTANT_CONVERSION = YES;
				CLANG_WARN_DIRECT_OBJC_ISA_USAGE = YES_ERROR;
				CLANG_WARN_DOCUMENTATION_COMMENTS = YES;
				CLANG_WARN_EMPTY_BODY = YES;
				CLANG_WARN_ENUM_CONVERSION = YES;
				CLANG_WARN_INFINITE_RECURSION = YES;
				CLANG_WARN_INT_CONVERSION = YES;
				CLANG_WARN_NON_LITERAL_NULL_CONVERSION = YES;
				CLANG_WARN_OBJC_LITERAL_CONVERSION = YES;
				CLANG_WARN_OBJC_ROOT_CLASS = YES_ERROR;
				CLANG_WARN_RANGE_LOOP_ANALYSIS = YES;
				CLANG_WARN_STRICT_PROTOTYPES = YES;
				CLANG_WARN_SUSPICIOUS_MOVE = YES;
				CLANG_WARN_UNGUARDED_AVAILABILITY = YES_AGGRESSIVE;
				CLANG_WARN_UNREACHABLE_CODE = YES;
				CLANG_WARN__DUPLICATE_METHOD_MATCH = YES;
				CODE_SIGN_IDENTITY = "iPhone Developer";
				COPY_PHASE_STRIP = NO;
				DEBUG_INFORMATION_FORMAT = dwarf;
				ENABLE_STRICT_OBJC_MSGSEND = YES;
				ENABLE_TESTABILITY = YES;
				GCC_C_LANGUAGE_STANDARD = gnu11;
				GCC_DYNAMIC_NO_PIC = NO;
				GCC_NO_COMMON_BLOCKS = YES;
				GCC_OPTIMIZATION_LEVEL = 0;
				GCC_PREPROCESSOR_DEFINITIONS = (
					"DEBUG=1",
					"$(inherited)",
				);
				GCC_WARN_64_TO_32_BIT_CONVERSION = YES;
				GCC_WARN_ABOUT_RETURN_TYPE = YES_ERROR;
				GCC_WARN_UNDECLARED_SELECTOR = YES;
				GCC_WARN_UNINITIALIZED_AUTOS = YES_AGGRESSIVE;
				GCC_WARN_UNUSED_FUNCTION = YES;
				GCC_WARN_UNUSED_VARIABLE = YES;
				IPHONEOS_DEPLOYMENT_TARGET = 11.2;
				MTL_ENABLE_DEBUG_INFO = YES;
				ONLY_ACTIVE_ARCH = YES;
				SDKROOT = iphoneos;
				SWIFT_ACTIVE_COMPILATION_CONDITIONS = DEBUG;
				SWIFT_OPTIMIZATION_LEVEL = "-Onone";
			};
			name = Debug;
		};
		EF8BAEF2203D945E00C17713 /* Release */ = {
			isa = XCBuildConfiguration;
			buildSettings = {
				ALWAYS_SEARCH_USER_PATHS = NO;
				CLANG_ANALYZER_NONNULL = YES;
				CLANG_ANALYZER_NUMBER_OBJECT_CONVERSION = YES_AGGRESSIVE;
				CLANG_CXX_LANGUAGE_STANDARD = "gnu++14";
				CLANG_CXX_LIBRARY = "libc++";
				CLANG_ENABLE_MODULES = YES;
				CLANG_ENABLE_OBJC_ARC = YES;
				CLANG_WARN_BLOCK_CAPTURE_AUTORELEASING = YES;
				CLANG_WARN_BOOL_CONVERSION = YES;
				CLANG_WARN_COMMA = YES;
				CLANG_WARN_CONSTANT_CONVERSION = YES;
				CLANG_WARN_DIRECT_OBJC_ISA_USAGE = YES_ERROR;
				CLANG_WARN_DOCUMENTATION_COMMENTS = YES;
				CLANG_WARN_EMPTY_BODY = YES;
				CLANG_WARN_ENUM_CONVERSION = YES;
				CLANG_WARN_INFINITE_RECURSION = YES;
				CLANG_WARN_INT_CONVERSION = YES;
				CLANG_WARN_NON_LITERAL_NULL_CONVERSION = YES;
				CLANG_WARN_OBJC_LITERAL_CONVERSION = YES;
				CLANG_WARN_OBJC_ROOT_CLASS = YES_ERROR;
				CLANG_WARN_RANGE_LOOP_ANALYSIS = YES;
				CLANG_WARN_STRICT_PROTOTYPES = YES;
				CLANG_WARN_SUSPICIOUS_MOVE = YES;
				CLANG_WARN_UNGUARDED_AVAILABILITY = YES_AGGRESSIVE;
				CLANG_WARN_UNREACHABLE_CODE = YES;
				CLANG_WARN__DUPLICATE_METHOD_MATCH = YES;
				CODE_SIGN_IDENTITY = "iPhone Developer";
				COPY_PHASE_STRIP = NO;
				DEBUG_INFORMATION_FORMAT = "dwarf-with-dsym";
				ENABLE_NS_ASSERTIONS = NO;
				ENABLE_STRICT_OBJC_MSGSEND = YES;
				GCC_C_LANGUAGE_STANDARD = gnu11;
				GCC_NO_COMMON_BLOCKS = YES;
				GCC_WARN_64_TO_32_BIT_CONVERSION = YES;
				GCC_WARN_ABOUT_RETURN_TYPE = YES_ERROR;
				GCC_WARN_UNDECLARED_SELECTOR = YES;
				GCC_WARN_UNINITIALIZED_AUTOS = YES_AGGRESSIVE;
				GCC_WARN_UNUSED_FUNCTION = YES;
				GCC_WARN_UNUSED_VARIABLE = YES;
				IPHONEOS_DEPLOYMENT_TARGET = 11.2;
				MTL_ENABLE_DEBUG_INFO = NO;
				SDKROOT = iphoneos;
				SWIFT_OPTIMIZATION_LEVEL = "-Owholemodule";
				VALIDATE_PRODUCT = YES;
			};
			name = Release;
		};
		EF8BAEF4203D945E00C17713 /* Debug */ = {
			isa = XCBuildConfiguration;
			baseConfigurationReference = 92C36CAA246FF094BC3FED7E /* Pods-alamofireTest.debug.xcconfig */;
			buildSettings = {
				ASSETCATALOG_COMPILER_APPICON_NAME = AppIcon;
				CODE_SIGN_STYLE = Automatic;
				DEVELOPMENT_TEAM = YT942BJW5F;
				INFOPLIST_FILE = alamofireTest/Info.plist;
				LD_RUNPATH_SEARCH_PATHS = "$(inherited) @executable_path/Frameworks";
				PRODUCT_BUNDLE_IDENTIFIER = Maiasoft.alamofireTest;
				PRODUCT_NAME = "$(TARGET_NAME)";
				SWIFT_VERSION = 4.0;
				TARGETED_DEVICE_FAMILY = "1,2";
			};
			name = Debug;
		};
		EF8BAEF5203D945E00C17713 /* Release */ = {
			isa = XCBuildConfiguration;
			baseConfigurationReference = 388FA10831C8821436D53F94 /* Pods-alamofireTest.release.xcconfig */;
			buildSettings = {
				ASSETCATALOG_COMPILER_APPICON_NAME = AppIcon;
				CODE_SIGN_STYLE = Automatic;
				DEVELOPMENT_TEAM = YT942BJW5F;
				INFOPLIST_FILE = alamofireTest/Info.plist;
				LD_RUNPATH_SEARCH_PATHS = "$(inherited) @executable_path/Frameworks";
				PRODUCT_BUNDLE_IDENTIFIER = Maiasoft.alamofireTest;
				PRODUCT_NAME = "$(TARGET_NAME)";
				SWIFT_VERSION = 4.0;
				TARGETED_DEVICE_FAMILY = "1,2";
			};
			name = Release;
		};
/* End XCBuildConfiguration section */

/* Begin XCConfigurationList section */
		EF8BAEDC203D945E00C17713 /* Build configuration list for PBXProject "alamofireTest" */ = {
			isa = XCConfigurationList;
			buildConfigurations = (
				EF8BAEF1203D945E00C17713 /* Debug */,
				EF8BAEF2203D945E00C17713 /* Release */,
			);
			defaultConfigurationIsVisible = 0;
			defaultConfigurationName = Release;
		};
		EF8BAEF3203D945E00C17713 /* Build configuration list for PBXNativeTarget "alamofireTest" */ = {
			isa = XCConfigurationList;
			buildConfigurations = (
				EF8BAEF4203D945E00C17713 /* Debug */,
				EF8BAEF5203D945E00C17713 /* Release */,
			);
			defaultConfigurationIsVisible = 0;
			defaultConfigurationName = Release;
		};
/* End XCConfigurationList section */
	};
	rootObject = EF8BAED9203D945E00C17713 /* Project object */;
}
