// !$*UTF8*$!
{
	archiveVersion = 1;
	classes = {
	};
	objectVersion = 48;
	objects = {

/* Begin PBXBuildFile section */
		EF14BAF12042F18800F1EFAF /* ArticleCell.swift in Sources */ = {isa = PBXBuildFile; fileRef = EF14BAF02042F18800F1EFAF /* ArticleCell.swift */; };
		EF14BAF32043068000F1EFAF /* DetailViewController.swift in Sources */ = {isa = PBXBuildFile; fileRef = EF14BAF22043068000F1EFAF /* DetailViewController.swift */; };
		EF14BAF520443A1200F1EFAF /* AlamofireImage.framework in Frameworks */ = {isa = PBXBuildFile; fileRef = EF14BAF420443A1200F1EFAF /* AlamofireImage.framework */; };
		EFC0B4202040F6890028F3F2 /* Alamofire.framework in Frameworks */ = {isa = PBXBuildFile; fileRef = EFC0B41F2040F6890028F3F2 /* Alamofire.framework */; };
		EFC0B4232041074C0028F3F2 /* DataModel.swift in Sources */ = {isa = PBXBuildFile; fileRef = EFC0B4222041074C0028F3F2 /* DataModel.swift */; };
		EFFB80092040EBB600CD6D50 /* AppDelegate.swift in Sources */ = {isa = PBXBuildFile; fileRef = EFFB80082040EBB600CD6D50 /* AppDelegate.swift */; };
		EFFB800B2040EBB600CD6D50 /* ViewController.swift in Sources */ = {isa = PBXBuildFile; fileRef = EFFB800A2040EBB600CD6D50 /* ViewController.swift */; };
		EFFB800E2040EBB600CD6D50 /* Main.storyboard in Resources */ = {isa = PBXBuildFile; fileRef = EFFB800C2040EBB600CD6D50 /* Main.storyboard */; };
		EFFB80102040EBB600CD6D50 /* Assets.xcassets in Resources */ = {isa = PBXBuildFile; fileRef = EFFB800F2040EBB600CD6D50 /* Assets.xcassets */; };
		EFFB80132040EBB600CD6D50 /* LaunchScreen.storyboard in Resources */ = {isa = PBXBuildFile; fileRef = EFFB80112040EBB600CD6D50 /* LaunchScreen.storyboard */; };
/* End PBXBuildFile section */

/* Begin PBXFileReference section */
		EF14BAF02042F18800F1EFAF /* ArticleCell.swift */ = {isa = PBXFileReference; lastKnownFileType = sourcecode.swift; path = ArticleCell.swift; sourceTree = "<group>"; };
		EF14BAF22043068000F1EFAF /* DetailViewController.swift */ = {isa = PBXFileReference; lastKnownFileType = sourcecode.swift; path = DetailViewController.swift; sourceTree = "<group>"; };
		EF14BAF420443A1200F1EFAF /* AlamofireImage.framework */ = {isa = PBXFileReference; lastKnownFileType = wrapper.framework; name = AlamofireImage.framework; path = Carthage/Build/iOS/AlamofireImage.framework; sourceTree = "<group>"; };
		EFC0B41F2040F6890028F3F2 /* Alamofire.framework */ = {isa = PBXFileReference; lastKnownFileType = wrapper.framework; name = Alamofire.framework; path = Carthage/Build/iOS/Alamofire.framework; sourceTree = "<group>"; };
		EFC0B4222041074C0028F3F2 /* DataModel.swift */ = {isa = PBXFileReference; lastKnownFileType = sourcecode.swift; path = DataModel.swift; sourceTree = "<group>"; };
		EFFB80052040EBB600CD6D50 /* News1.app */ = {isa = PBXFileReference; explicitFileType = wrapper.application; includeInIndex = 0; path = News1.app; sourceTree = BUILT_PRODUCTS_DIR; };
		EFFB80082040EBB600CD6D50 /* AppDelegate.swift */ = {isa = PBXFileReference; lastKnownFileType = sourcecode.swift; path = AppDelegate.swift; sourceTree = "<group>"; };
		EFFB800A2040EBB600CD6D50 /* ViewController.swift */ = {isa = PBXFileReference; lastKnownFileType = sourcecode.swift; path = ViewController.swift; sourceTree = "<group>"; };
		EFFB800D2040EBB600CD6D50 /* Base */ = {isa = PBXFileReference; lastKnownFileType = file.storyboard; name = Base; path = Base.lproj/Main.storyboard; sourceTree = "<group>"; };
		EFFB800F2040EBB600CD6D50 /* Assets.xcassets */ = {isa = PBXFileReference; lastKnownFileType = folder.assetcatalog; path = Assets.xcassets; sourceTree = "<group>"; };
		EFFB80122040EBB600CD6D50 /* Base */ = {isa = PBXFileReference; lastKnownFileType = file.storyboard; name = Base; path = Base.lproj/LaunchScreen.storyboard; sourceTree = "<group>"; };
		EFFB80142040EBB600CD6D50 /* Info.plist */ = {isa = PBXFileReference; lastKnownFileType = text.plist.xml; path = Info.plist; sourceTree = "<group>"; };
/* End PBXFileReference section */

/* Begin PBXFrameworksBuildPhase section */
		EFFB80022040EBB600CD6D50 /* Frameworks */ = {
			isa = PBXFrameworksBuildPhase;
			buildActionMask = 2147483647;
			files = (
				EFC0B4202040F6890028F3F2 /* Alamofire.framework in Frameworks */,
				EF14BAF520443A1200F1EFAF /* AlamofireImage.framework in Frameworks */,
			);
			runOnlyForDeploymentPostprocessing = 0;
		};
/* End PBXFrameworksBuildPhase section */

/* Begin PBXGroup section */
		EFC0B41E2040F6890028F3F2 /* Frameworks */ = {
			isa = PBXGroup;
			children = (
				EF14BAF420443A1200F1EFAF /* AlamofireImage.framework */,
				EFC0B41F2040F6890028F3F2 /* Alamofire.framework */,
			);
			name = Frameworks;
			sourceTree = "<group>";
		};
		EFFB7FFC2040EBB600CD6D50 = {
			isa = PBXGroup;
			children = (
				EFFB80072040EBB600CD6D50 /* News1 */,
				EFFB80062040EBB600CD6D50 /* Products */,
				EFC0B41E2040F6890028F3F2 /* Frameworks */,
			);
			sourceTree = "<group>";
		};
		EFFB80062040EBB600CD6D50 /* Products */ = {
			isa = PBXGroup;
			children = (
				EFFB80052040EBB600CD6D50 /* News1.app */,
			);
			name = Products;
			sourceTree = "<group>";
		};
		EFFB80072040EBB600CD6D50 /* News1 */ = {
			isa = PBXGroup;
			children = (
				EFFB80082040EBB600CD6D50 /* AppDelegate.swift */,
				EFFB800A2040EBB600CD6D50 /* ViewController.swift */,
				EF14BAF22043068000F1EFAF /* DetailViewController.swift */,
				EFC0B4222041074C0028F3F2 /* DataModel.swift */,
				EF14BAF02042F18800F1EFAF /* ArticleCell.swift */,
				EFFB800C2040EBB600CD6D50 /* Main.storyboard */,
				EFFB800F2040EBB600CD6D50 /* Assets.xcassets */,
				EFFB80112040EBB600CD6D50 /* LaunchScreen.storyboard */,
				EFFB80142040EBB600CD6D50 /* Info.plist */,
			);
			path = News1;
			sourceTree = "<group>";
		};
/* End PBXGroup section */

/* Begin PBXNativeTarget section */
		EFFB80042040EBB600CD6D50 /* News1 */ = {
			isa = PBXNativeTarget;
			buildConfigurationList = EFFB80172040EBB600CD6D50 /* Build configuration list for PBXNativeTarget "News1" */;
			buildPhases = (
				EFFB80012040EBB600CD6D50 /* Sources */,
				EFFB80022040EBB600CD6D50 /* Frameworks */,
				EFFB80032040EBB600CD6D50 /* Resources */,
				EFC0B4212040F6FD0028F3F2 /* ShellScript */,
			);
			buildRules = (
			);
			dependencies = (
			);
			name = News1;
			productName = News1;
			productReference = EFFB80052040EBB600CD6D50 /* News1.app */;
			productType = "com.apple.product-type.application";
		};
/* End PBXNativeTarget section */

/* Begin PBXProject section */
		EFFB7FFD2040EBB600CD6D50 /* Project object */ = {
			isa = PBXProject;
			attributes = {
				LastSwiftUpdateCheck = 0920;
				LastUpgradeCheck = 0920;
				ORGANIZATIONNAME = Margis;
				TargetAttributes = {
					EFFB80042040EBB600CD6D50 = {
						CreatedOnToolsVersion = 9.2;
						ProvisioningStyle = Automatic;
					};
				};
			};
			buildConfigurationList = EFFB80002040EBB600CD6D50 /* Build configuration list for PBXProject "News1" */;
			compatibilityVersion = "Xcode 8.0";
			developmentRegion = en;
			hasScannedForEncodings = 0;
			knownRegions = (
				en,
				Base,
			);
			mainGroup = EFFB7FFC2040EBB600CD6D50;
			productRefGroup = EFFB80062040EBB600CD6D50 /* Products */;
			projectDirPath = "";
			projectRoot = "";
			targets = (
				EFFB80042040EBB600CD6D50 /* News1 */,
			);
		};
/* End PBXProject section */

/* Begin PBXResourcesBuildPhase section */
		EFFB80032040EBB600CD6D50 /* Resources */ = {
			isa = PBXResourcesBuildPhase;
			buildActionMask = 2147483647;
			files = (
				EFFB80132040EBB600CD6D50 /* LaunchScreen.storyboard in Resources */,
				EFFB80102040EBB600CD6D50 /* Assets.xcassets in Resources */,
				EFFB800E2040EBB600CD6D50 /* Main.storyboard in Resources */,
			);
			runOnlyForDeploymentPostprocessing = 0;
		};
/* End PBXResourcesBuildPhase section */

/* Begin PBXShellScriptBuildPhase section */
		EFC0B4212040F6FD0028F3F2 /* ShellScript */ = {
			isa = PBXShellScriptBuildPhase;
			buildActionMask = 2147483647;
			files = (
			);
			inputPaths = (
				"$(SRCROOT)/Carthage/Build/iOS/Alamofire.framework",
				"$(SRCROOT)/Carthage/Build/iOS/AlamofireImage.framework",
			);
			outputPaths = (
				"$(BUILT_PRODUCTS_DIR)/$(FRAMEWORKS_FOLDER_PATH)/Alamofire.framework",
				"$(BUILT_PRODUCTS_DIR)/$(FRAMEWORKS_FOLDER_PATH)/AlamofireImage.framework",
			);
			runOnlyForDeploymentPostprocessing = 0;
			shellPath = /bin/sh;
			shellScript = "/usr/local/bin/carthage copy-frameworks\n";
		};
/* End PBXShellScriptBuildPhase section */

/* Begin PBXSourcesBuildPhase section */
		EFFB80012040EBB600CD6D50 /* Sources */ = {
			isa = PBXSourcesBuildPhase;
			buildActionMask = 2147483647;
			files = (
				EF14BAF12042F18800F1EFAF /* ArticleCell.swift in Sources */,
				EFFB800B2040EBB600CD6D50 /* ViewController.swift in Sources */,
				EF14BAF32043068000F1EFAF /* DetailViewController.swift in Sources */,
				EFFB80092040EBB600CD6D50 /* AppDelegate.swift in Sources */,
				EFC0B4232041074C0028F3F2 /* DataModel.swift in Sources */,
			);
			runOnlyForDeploymentPostprocessing = 0;
		};
/* End PBXSourcesBuildPhase section */

/* Begin PBXVariantGroup section */
		EFFB800C2040EBB600CD6D50 /* Main.storyboard */ = {
			isa = PBXVariantGroup;
			children = (
				EFFB800D2040EBB600CD6D50 /* Base */,
			);
			name = Main.storyboard;
			sourceTree = "<group>";
		};
		EFFB80112040EBB600CD6D50 /* LaunchScreen.storyboard */ = {
			isa = PBXVariantGroup;
			children = (
				EFFB80122040EBB600CD6D50 /* Base */,
			);
			name = LaunchScreen.storyboard;
			sourceTree = "<group>";
		};
/* End PBXVariantGroup section */

/* Begin XCBuildConfiguration section */
		EFFB80152040EBB600CD6D50 /* Debug */ = {
			isa = XCBuildConfiguration;
			buildSettings = {
				ALWAYS_SEARCH_USER_PATHS = NO;
				CLANG_ANALYZER_NONNULL = YES;
				CLANG_ANALYZER_NUMBER_OBJECT_CONVERSION = YES_AGGRESSIVE;
				CLANG_CXX_LANGUAGE_STANDARD = "gnu++14";
				CLANG_CXX_LIBRARY = "libc++";
				CLANG_ENABLE_MODULES = YES;
				CLANG_ENABLE_OBJC_ARC = YES;
				CLANG_WARN_BLOCK_CAPTURE_AUTORELEASING = YES;
				CLANG_WARN_BOOL_CONVERSION = YES;
				CLANG_WARN_COMMA = YES;
				CLANG_WARN_CONSTANT_CONVERSION = YES;
				CLANG_WARN_DIRECT_OBJC_ISA_USAGE = YES_ERROR;
				CLANG_WARN_DOCUMENTATION_COMMENTS = YES;
				CLANG_WARN_EMPTY_BODY = YES;
				CLANG_WARN_ENUM_CONVERSION = YES;
				CLANG_WARN_INFINITE_RECURSION = YES;
				CLANG_WARN_INT_CONVERSION = YES;
				CLANG_WARN_NON_LITERAL_NULL_CONVERSION = YES;
				CLANG_WARN_OBJC_LITERAL_CONVERSION = YES;
				CLANG_WARN_OBJC_ROOT_CLASS = YES_ERROR;
				CLANG_WARN_RANGE_LOOP_ANALYSIS = YES;
				CLANG_WARN_STRICT_PROTOTYPES = YES;
				CLANG_WARN_SUSPICIOUS_MOVE = YES;
				CLANG_WARN_UNGUARDED_AVAILABILITY = YES_AGGRESSIVE;
				CLANG_WARN_UNREACHABLE_CODE = YES;
				CLANG_WARN__DUPLICATE_METHOD_MATCH = YES;
				CODE_SIGN_IDENTITY = "iPhone Developer";
				COPY_PHASE_STRIP = NO;
				DEBUG_INFORMATION_FORMAT = dwarf;
				ENABLE_STRICT_OBJC_MSGSEND = YES;
				ENABLE_TESTABILITY = YES;
				GCC_C_LANGUAGE_STANDARD = gnu11;
				GCC_DYNAMIC_NO_PIC = NO;
				GCC_NO_COMMON_BLOCKS = YES;
				GCC_OPTIMIZATION_LEVEL = 0;
				GCC_PREPROCESSOR_DEFINITIONS = (
					"DEBUG=1",
					"$(inherited)",
				);
				GCC_WARN_64_TO_32_BIT_CONVERSION = YES;
				GCC_WARN_ABOUT_RETURN_TYPE = YES_ERROR;
				GCC_WARN_UNDECLARED_SELECTOR = YES;
				GCC_WARN_UNINITIALIZED_AUTOS = YES_AGGRESSIVE;
				GCC_WARN_UNUSED_FUNCTION = YES;
				GCC_WARN_UNUSED_VARIABLE = YES;
				IPHONEOS_DEPLOYMENT_TARGET = 11.2;
				MTL_ENABLE_DEBUG_INFO = YES;
				ONLY_ACTIVE_ARCH = YES;
				SDKROOT = iphoneos;
				SWIFT_ACTIVE_COMPILATION_CONDITIONS = DEBUG;
				SWIFT_OPTIMIZATION_LEVEL = "-Onone";
			};
			name = Debug;
		};
		EFFB80162040EBB600CD6D50 /* Release */ = {
			isa = XCBuildConfiguration;
			buildSettings = {
				ALWAYS_SEARCH_USER_PATHS = NO;
				CLANG_ANALYZER_NONNULL = YES;
				CLANG_ANALYZER_NUMBER_OBJECT_CONVERSION = YES_AGGRESSIVE;
				CLANG_CXX_LANGUAGE_STANDARD = "gnu++14";
				CLANG_CXX_LIBRARY = "libc++";
				CLANG_ENABLE_MODULES = YES;
				CLANG_ENABLE_OBJC_ARC = YES;
				CLANG_WARN_BLOCK_CAPTURE_AUTORELEASING = YES;
				CLANG_WARN_BOOL_CONVERSION = YES;
				CLANG_WARN_COMMA = YES;
				CLANG_WARN_CONSTANT_CONVERSION = YES;
				CLANG_WARN_DIRECT_OBJC_ISA_USAGE = YES_ERROR;
				CLANG_WARN_DOCUMENTATION_COMMENTS = YES;
				CLANG_WARN_EMPTY_BODY = YES;
				CLANG_WARN_ENUM_CONVERSION = YES;
				CLANG_WARN_INFINITE_RECURSION = YES;
				CLANG_WARN_INT_CONVERSION = YES;
				CLANG_WARN_NON_LITERAL_NULL_CONVERSION = YES;
				CLANG_WARN_OBJC_LITERAL_CONVERSION = YES;
				CLANG_WARN_OBJC_ROOT_CLASS = YES_ERROR;
				CLANG_WARN_RANGE_LOOP_ANALYSIS = YES;
				CLANG_WARN_STRICT_PROTOTYPES = YES;
				CLANG_WARN_SUSPICIOUS_MOVE = YES;
				CLANG_WARN_UNGUARDED_AVAILABILITY = YES_AGGRESSIVE;
				CLANG_WARN_UNREACHABLE_CODE = YES;
				CLANG_WARN__DUPLICATE_METHOD_MATCH = YES;
				CODE_SIGN_IDENTITY = "iPhone Developer";
				COPY_PHASE_STRIP = NO;
				DEBUG_INFORMATION_FORMAT = "dwarf-with-dsym";
				ENABLE_NS_ASSERTIONS = NO;
				ENABLE_STRICT_OBJC_MSGSEND = YES;
				GCC_C_LANGUAGE_STANDARD = gnu11;
				GCC_NO_COMMON_BLOCKS = YES;
				GCC_WARN_64_TO_32_BIT_CONVERSION = YES;
				GCC_WARN_ABOUT_RETURN_TYPE = YES_ERROR;
				GCC_WARN_UNDECLARED_SELECTOR = YES;
				GCC_WARN_UNINITIALIZED_AUTOS = YES_AGGRESSIVE;
				GCC_WARN_UNUSED_FUNCTION = YES;
				GCC_WARN_UNUSED_VARIABLE = YES;
				IPHONEOS_DEPLOYMENT_TARGET = 11.2;
				MTL_ENABLE_DEBUG_INFO = NO;
				SDKROOT = iphoneos;
				SWIFT_OPTIMIZATION_LEVEL = "-Owholemodule";
				VALIDATE_PRODUCT = YES;
			};
			name = Release;
		};
		EFFB80182040EBB600CD6D50 /* Debug */ = {
			isa = XCBuildConfiguration;
			buildSettings = {
				ASSETCATALOG_COMPILER_APPICON_NAME = AppIcon;
				CODE_SIGN_STYLE = Automatic;
				DEVELOPMENT_TEAM = YT942BJW5F;
				FRAMEWORK_SEARCH_PATHS = (
					"$(inherited)",
					"$(PROJECT_DIR)/Carthage/Build/iOS",
				);
				INFOPLIST_FILE = News1/Info.plist;
				LD_RUNPATH_SEARCH_PATHS = "$(inherited) @executable_path/Frameworks";
				PRODUCT_BUNDLE_IDENTIFIER = Maiasoft.News1;
				PRODUCT_NAME = "$(TARGET_NAME)";
				SWIFT_VERSION = 4.0;
				TARGETED_DEVICE_FAMILY = "1,2";
			};
			name = Debug;
		};
		EFFB80192040EBB600CD6D50 /* Release */ = {
			isa = XCBuildConfiguration;
			buildSettings = {
				ASSETCATALOG_COMPILER_APPICON_NAME = AppIcon;
				CODE_SIGN_STYLE = Automatic;
				DEVELOPMENT_TEAM = YT942BJW5F;
				FRAMEWORK_SEARCH_PATHS = (
					"$(inherited)",
					"$(PROJECT_DIR)/Carthage/Build/iOS",
				);
				INFOPLIST_FILE = News1/Info.plist;
				LD_RUNPATH_SEARCH_PATHS = "$(inherited) @executable_path/Frameworks";
				PRODUCT_BUNDLE_IDENTIFIER = Maiasoft.News1;
				PRODUCT_NAME = "$(TARGET_NAME)";
				SWIFT_VERSION = 4.0;
				TARGETED_DEVICE_FAMILY = "1,2";
			};
			name = Release;
		};
/* End XCBuildConfiguration section */

/* Begin XCConfigurationList section */
		EFFB80002040EBB600CD6D50 /* Build configuration list for PBXProject "News1" */ = {
			isa = XCConfigurationList;
			buildConfigurations = (
				EFFB80152040EBB600CD6D50 /* Debug */,
				EFFB80162040EBB600CD6D50 /* Release */,
			);
			defaultConfigurationIsVisible = 0;
			defaultConfigurationName = Release;
		};
		EFFB80172040EBB600CD6D50 /* Build configuration list for PBXNativeTarget "News1" */ = {
			isa = XCConfigurationList;
			buildConfigurations = (
				EFFB80182040EBB600CD6D50 /* Debug */,
				EFFB80192040EBB600CD6D50 /* Release */,
			);
			defaultConfigurationIsVisible = 0;
			defaultConfigurationName = Release;
		};
/* End XCConfigurationList section */
	};
	rootObject = EFFB7FFD2040EBB600CD6D50 /* Project object */;
}
